
Microsoft Visual Studio Solution File, Format Version 12.00
# Visual Studio Version 16
VisualStudioVersion = 16.0.30413.136
MinimumVisualStudioVersion = 10.0.40219.1
Project("{FAE04EC0-301F-11D3-BF4B-00C04F79EFBC}") = "Life-is-a-game", "Life-is-a-game\Life-is-a-game.csproj", "{953AD6DB-B0BC-44B1-86DF-3DF3D5231AF4}"
EndProject
Global
	GlobalSection(SolutionConfigurationPlatforms) = preSolution
		Debug|Any CPU = Debug|Any CPU
		Release|Any CPU = Release|Any CPU
	EndGlobalSection
	GlobalSection(ProjectConfigurationPlatforms) = postSolution
		{953AD6DB-B0BC-44B1-86DF-3DF3D5231AF4}.Debug|Any CPU.ActiveCfg = Debug|Any CPU
		{953AD6DB-B0BC-44B1-86DF-3DF3D5231AF4}.Debug|Any CPU.Build.0 = Debug|Any CPU
		{953AD6DB-B0BC-44B1-86DF-3DF3D5231AF4}.Release|Any CPU.ActiveCfg = Release|Any CPU
		{953AD6DB-B0BC-44B1-86DF-3DF3D5231AF4}.Release|Any CPU.Build.0 = Release|Any CPU
	EndGlobalSection
	GlobalSection(SolutionProperties) = preSolution
		HideSolutionNode = FALSE
	EndGlobalSection
	GlobalSection(ExtensibilityGlobals) = postSolution
		SolutionGuid = {2A81B329-D075-42B5-887D-7B8A85E62E2A}
	EndGlobalSection
EndGlobal
